
Microsoft Visual Studio Solution File, Format Version 12.00
# Visual Studio Version 16
VisualStudioVersion = 16.0.30804.86
MinimumVisualStudioVersion = 10.0.40219.1
Project("{8BC9CEB8-8B4A-11D0-8D11-00A0C91BC942}") = "ProgressBar", "ProgressBar.vcxproj", "{0143E672-EB50-4B61-AA24-29498B23FA21}"
EndProject
Global
	GlobalSection(SolutionConfigurationPlatforms) = preSolution
		Debug|x64 = Debug|x64
		Debug|x86 = Debug|x86
		Release|x64 = Release|x64
		Release|x86 = Release|x86
	EndGlobalSection
	GlobalSection(ProjectConfigurationPlatforms) = postSolution
		{0143E672-EB50-4B61-AA24-29498B23FA21}.Debug|x64.ActiveCfg = Debug|x64
		{0143E672-EB50-4B61-AA24-29498B23FA21}.Debug|x64.Build.0 = Debug|x64
		{0143E672-EB50-4B61-AA24-29498B23FA21}.Debug|x86.ActiveCfg = Debug|Win32
		{0143E672-EB50-4B61-AA24-29498B23FA21}.Debug|x86.Build.0 = Debug|Win32
		{0143E672-EB50-4B61-AA24-29498B23FA21}.Release|x64.ActiveCfg = Release|x64
		{0143E672-EB50-4B61-AA24-29498B23FA21}.Release|x64.Build.0 = Release|x64
		{0143E672-EB50-4B61-AA24-29498B23FA21}.Release|x86.ActiveCfg = Release|Win32
		{0143E672-EB50-4B61-AA24-29498B23FA21}.Release|x86.Build.0 = Release|Win32
	EndGlobalSection
	GlobalSection(SolutionProperties) = preSolution
		HideSolutionNode = FALSE
	EndGlobalSection
	GlobalSection(ExtensibilityGlobals) = postSolution
		SolutionGuid = {F63E5903-34CB-4B1E-AC84-8B830BE9313B}
	EndGlobalSection
EndGlobal
